{
  "name": "@scotsoo/dummyservice",
  "version": "1.0.0",
  "lockfileVersion": 1,
  "requires": true,
  "dependencies": {
    "@scotsoo/dummymodule": {
      "version": "1.0.0",
      "resolved": "https://npm.pkg.github.com/download/@scotsoo/dummymodule/1.0.0/6598c20b35433e268c24cd510aebc3b869ccab3180be774d8e6d620e7dee114d",
      "integrity": "sha512-qhYZzTf+Pdy4SepAe9feXHTniyqfCYZo7WHgg+3WXdIn/IsXXDrMEahRVeNMMHWV0Xx2LDImuxOgBIXB/rdxzw=="
    },
    "@scotsoo/seconddummymodule": {
      "version": "1.0.0",
      "resolved": "https://npm.pkg.github.com/download/@scotsoo/seconddummymodule/1.0.0/2d90ac70f0c90949b9a5614c8c2845be3839f95e696fe12614deb83f9826da5a",
      "integrity": "sha512-HH0YjX30zSHVLLNgHbTj51kj+six1S3v+X/l3vTOnfQDW4zbGneiD1yNjEtQ51oHs5rzhbyf+R7ykE3eglcZIA=="
    }
  }
}
